# This file was autogenerated by Stack.
# You should not edit this file by hand.
# For more information, please see the documentation at:
#   https://docs.haskellstack.org/en/stable/lock_files

packages:
- completed:
    hackage: ihaskell-graphviz-0.1.0.0@sha256:39b695a02fb4adfa49eb054370352ff060824de7c392b355758b7d14befe2059,2126
    pantry-tree:
      size: 230
      sha256: 1a13835df928d539812db69d6b282df5b64616c3d191b4f11ff190fe0eb7f6da
  original:
    hackage: ihaskell-graphviz-0.1.0.0
- completed:
    hackage: ihaskell-gnuplot-0.1.0.1@sha256:856a3e1a7372bad45091971a427707f0f7404e206992e2a15290abd63aa25c92,2125
    pantry-tree:
      size: 228
      sha256: 79654120326d9e346cb553ae1df65273777a68267551098a732f09927fa4cefd
  original:
    hackage: ihaskell-gnuplot-0.1.0.1
snapshots:
- completed:
    size: 524996
    url: https://raw.githubusercontent.com/commercialhaskell/stackage-snapshots/master/lts/14/27.yaml
    sha256: 7ea31a280c56bf36ff591a7397cc384d0dff622e7f9e4225b47d8980f019a0f0
  original: lts-14.27
